// !$*UTF8*$!
{
	archiveVersion = 1;
	classes = {
	};
	objectVersion = 56;
	objects = {

/* Begin PBXBuildFile section */
		F41A4B182A83AE3800CDD95E /* Alamofire in Frameworks */ = {isa = PBXBuildFile; productRef = F41A4B172A83AE3800CDD95E /* Alamofire */; };
		F41A4B1B2A83AE4100CDD95E /* SwiftyJSON in Frameworks */ = {isa = PBXBuildFile; productRef = F41A4B1A2A83AE4100CDD95E /* SwiftyJSON */; };
		F41A4B1E2A83AE4B00CDD95E /* Kingfisher in Frameworks */ = {isa = PBXBuildFile; productRef = F41A4B1D2A83AE4B00CDD95E /* Kingfisher */; };
		F41A4B202A83AECC00CDD95E /* .gitignore in Resources */ = {isa = PBXBuildFile; fileRef = F41A4B1F2A83AECC00CDD95E /* .gitignore */; };
		F41A4B222A83AF0700CDD95E /* APIKey.swift in Sources */ = {isa = PBXBuildFile; fileRef = F41A4B212A83AF0700CDD95E /* APIKey.swift */; };
		F41A4B242A83B26E00CDD95E /* bookStruct.swift in Sources */ = {isa = PBXBuildFile; fileRef = F41A4B232A83B26E00CDD95E /* bookStruct.swift */; };
		F42313742A7A87B20002F967 /* LookingViewController.swift in Sources */ = {isa = PBXBuildFile; fileRef = F42313732A7A87B20002F967 /* LookingViewController.swift */; };
		F42313782A7A9DEF0002F967 /* RecentCollectionViewCell.swift in Sources */ = {isa = PBXBuildFile; fileRef = F42313772A7A9DEF0002F967 /* RecentCollectionViewCell.swift */; };
		F423137A2A7AA86D0002F967 /* PopularTableViewCell.swift in Sources */ = {isa = PBXBuildFile; fileRef = F42313792A7AA86D0002F967 /* PopularTableViewCell.swift */; };
		F465B30E2AA7671900D1812E /* SaveImage+Extension.swift in Sources */ = {isa = PBXBuildFile; fileRef = F465B30D2AA7671900D1812E /* SaveImage+Extension.swift */; };
		F467DFAC2A77E439009D7266 /* AppDelegate.swift in Sources */ = {isa = PBXBuildFile; fileRef = F467DFAB2A77E439009D7266 /* AppDelegate.swift */; };
		F467DFAE2A77E439009D7266 /* SceneDelegate.swift in Sources */ = {isa = PBXBuildFile; fileRef = F467DFAD2A77E439009D7266 /* SceneDelegate.swift */; };
		F467DFB02A77E439009D7266 /* SearchViewController.swift in Sources */ = {isa = PBXBuildFile; fileRef = F467DFAF2A77E439009D7266 /* SearchViewController.swift */; };
		F467DFB32A77E439009D7266 /* Main.storyboard in Resources */ = {isa = PBXBuildFile; fileRef = F467DFB12A77E439009D7266 /* Main.storyboard */; };
		F467DFB52A77E439009D7266 /* Assets.xcassets in Resources */ = {isa = PBXBuildFile; fileRef = F467DFB42A77E439009D7266 /* Assets.xcassets */; };
		F467DFB82A77E439009D7266 /* LaunchScreen.storyboard in Resources */ = {isa = PBXBuildFile; fileRef = F467DFB62A77E439009D7266 /* LaunchScreen.storyboard */; };
		F467DFC02A77E4C3009D7266 /* LibraryCollectionViewController.swift in Sources */ = {isa = PBXBuildFile; fileRef = F467DFBF2A77E4C3009D7266 /* LibraryCollectionViewController.swift */; };
		F467DFC42A77E64F009D7266 /* DetailViewController.swift in Sources */ = {isa = PBXBuildFile; fileRef = F467DFC32A77E64F009D7266 /* DetailViewController.swift */; };
		F467DFC62A77E688009D7266 /* MovieInfo.swift in Sources */ = {isa = PBXBuildFile; fileRef = F467DFC52A77E688009D7266 /* MovieInfo.swift */; };
		F467DFC82A77E759009D7266 /* MovieStruct.swift in Sources */ = {isa = PBXBuildFile; fileRef = F467DFC72A77E759009D7266 /* MovieStruct.swift */; };
		F467DFCF2A77E84D009D7266 /* LibraryListCollectionViewCell.swift in Sources */ = {isa = PBXBuildFile; fileRef = F467DFCD2A77E84D009D7266 /* LibraryListCollectionViewCell.swift */; };
		F467DFD02A77E84D009D7266 /* LibraryListCollectionViewCell.xib in Resources */ = {isa = PBXBuildFile; fileRef = F467DFCE2A77E84D009D7266 /* LibraryListCollectionViewCell.xib */; };
		F4DF216B2AA61A2D009D1250 /* Realm in Frameworks */ = {isa = PBXBuildFile; productRef = F4DF216A2AA61A2D009D1250 /* Realm */; };
		F4DF216D2AA61A2D009D1250 /* RealmSwift in Frameworks */ = {isa = PBXBuildFile; productRef = F4DF216C2AA61A2D009D1250 /* RealmSwift */; };
		F4DF21702AA61A4E009D1250 /* BookTable.swift in Sources */ = {isa = PBXBuildFile; fileRef = F4DF216F2AA61A4E009D1250 /* BookTable.swift */; };
/* End PBXBuildFile section */

/* Begin PBXFileReference section */
		F41A4B1F2A83AECC00CDD95E /* .gitignore */ = {isa = PBXFileReference; lastKnownFileType = text; path = .gitignore; sourceTree = "<group>"; };
		F41A4B212A83AF0700CDD95E /* APIKey.swift */ = {isa = PBXFileReference; lastKnownFileType = sourcecode.swift; path = APIKey.swift; sourceTree = "<group>"; };
		F41A4B232A83B26E00CDD95E /* bookStruct.swift */ = {isa = PBXFileReference; lastKnownFileType = sourcecode.swift; path = bookStruct.swift; sourceTree = "<group>"; };
		F42313732A7A87B20002F967 /* LookingViewController.swift */ = {isa = PBXFileReference; lastKnownFileType = sourcecode.swift; path = LookingViewController.swift; sourceTree = "<group>"; };
		F42313772A7A9DEF0002F967 /* RecentCollectionViewCell.swift */ = {isa = PBXFileReference; lastKnownFileType = sourcecode.swift; path = RecentCollectionViewCell.swift; sourceTree = "<group>"; };
		F42313792A7AA86D0002F967 /* PopularTableViewCell.swift */ = {isa = PBXFileReference; lastKnownFileType = sourcecode.swift; path = PopularTableViewCell.swift; sourceTree = "<group>"; };
		F465B30D2AA7671900D1812E /* SaveImage+Extension.swift */ = {isa = PBXFileReference; lastKnownFileType = sourcecode.swift; path = "SaveImage+Extension.swift"; sourceTree = "<group>"; };
		F467DFA82A77E439009D7266 /* BookWarm.app */ = {isa = PBXFileReference; explicitFileType = wrapper.application; includeInIndex = 0; path = BookWarm.app; sourceTree = BUILT_PRODUCTS_DIR; };
		F467DFAB2A77E439009D7266 /* AppDelegate.swift */ = {isa = PBXFileReference; lastKnownFileType = sourcecode.swift; path = AppDelegate.swift; sourceTree = "<group>"; };
		F467DFAD2A77E439009D7266 /* SceneDelegate.swift */ = {isa = PBXFileReference; lastKnownFileType = sourcecode.swift; path = SceneDelegate.swift; sourceTree = "<group>"; };
		F467DFAF2A77E439009D7266 /* SearchViewController.swift */ = {isa = PBXFileReference; lastKnownFileType = sourcecode.swift; path = SearchViewController.swift; sourceTree = "<group>"; };
		F467DFB22A77E439009D7266 /* Base */ = {isa = PBXFileReference; lastKnownFileType = file.storyboard; name = Base; path = Base.lproj/Main.storyboard; sourceTree = "<group>"; };
		F467DFB42A77E439009D7266 /* Assets.xcassets */ = {isa = PBXFileReference; lastKnownFileType = folder.assetcatalog; path = Assets.xcassets; sourceTree = "<group>"; };
		F467DFB72A77E439009D7266 /* Base */ = {isa = PBXFileReference; lastKnownFileType = file.storyboard; name = Base; path = Base.lproj/LaunchScreen.storyboard; sourceTree = "<group>"; };
		F467DFB92A77E439009D7266 /* Info.plist */ = {isa = PBXFileReference; lastKnownFileType = text.plist.xml; path = Info.plist; sourceTree = "<group>"; };
		F467DFBF2A77E4C3009D7266 /* LibraryCollectionViewController.swift */ = {isa = PBXFileReference; lastKnownFileType = sourcecode.swift; path = LibraryCollectionViewController.swift; sourceTree = "<group>"; };
		F467DFC32A77E64F009D7266 /* DetailViewController.swift */ = {isa = PBXFileReference; lastKnownFileType = sourcecode.swift; path = DetailViewController.swift; sourceTree = "<group>"; };
		F467DFC52A77E688009D7266 /* MovieInfo.swift */ = {isa = PBXFileReference; fileEncoding = 4; lastKnownFileType = sourcecode.swift; path = MovieInfo.swift; sourceTree = "<group>"; };
		F467DFC72A77E759009D7266 /* MovieStruct.swift */ = {isa = PBXFileReference; lastKnownFileType = sourcecode.swift; path = MovieStruct.swift; sourceTree = "<group>"; };
		F467DFCD2A77E84D009D7266 /* LibraryListCollectionViewCell.swift */ = {isa = PBXFileReference; lastKnownFileType = sourcecode.swift; path = LibraryListCollectionViewCell.swift; sourceTree = "<group>"; };
		F467DFCE2A77E84D009D7266 /* LibraryListCollectionViewCell.xib */ = {isa = PBXFileReference; lastKnownFileType = file.xib; path = LibraryListCollectionViewCell.xib; sourceTree = "<group>"; };
		F4DF216F2AA61A4E009D1250 /* BookTable.swift */ = {isa = PBXFileReference; lastKnownFileType = sourcecode.swift; path = BookTable.swift; sourceTree = "<group>"; };
/* End PBXFileReference section */

/* Begin PBXFrameworksBuildPhase section */
		F467DFA52A77E439009D7266 /* Frameworks */ = {
			isa = PBXFrameworksBuildPhase;
			buildActionMask = 2147483647;
			files = (
				F41A4B1E2A83AE4B00CDD95E /* Kingfisher in Frameworks */,
				F41A4B1B2A83AE4100CDD95E /* SwiftyJSON in Frameworks */,
				F4DF216B2AA61A2D009D1250 /* Realm in Frameworks */,
				F4DF216D2AA61A2D009D1250 /* RealmSwift in Frameworks */,
				F41A4B182A83AE3800CDD95E /* Alamofire in Frameworks */,
			);
			runOnlyForDeploymentPostprocessing = 0;
		};
/* End PBXFrameworksBuildPhase section */

/* Begin PBXGroup section */
		F465B30A2AA766C000D1812E /* Cell */ = {
			isa = PBXGroup;
			children = (
				F42313792A7AA86D0002F967 /* PopularTableViewCell.swift */,
				F42313772A7A9DEF0002F967 /* RecentCollectionViewCell.swift */,
				F467DFCD2A77E84D009D7266 /* LibraryListCollectionViewCell.swift */,
				F467DFCE2A77E84D009D7266 /* LibraryListCollectionViewCell.xib */,
			);
			path = Cell;
			sourceTree = "<group>";
		};
		F465B30B2AA766E800D1812E /* VC */ = {
			isa = PBXGroup;
			children = (
				F467DFAF2A77E439009D7266 /* SearchViewController.swift */,
				F42313732A7A87B20002F967 /* LookingViewController.swift */,
				F467DFC32A77E64F009D7266 /* DetailViewController.swift */,
				F467DFBF2A77E4C3009D7266 /* LibraryCollectionViewController.swift */,
			);
			path = VC;
			sourceTree = "<group>";
		};
		F465B30C2AA766FB00D1812E /* Swift */ = {
			isa = PBXGroup;
			children = (
				F4DF216E2AA61A3F009D1250 /* RealmModel */,
				F41A4B232A83B26E00CDD95E /* bookStruct.swift */,
				F41A4B212A83AF0700CDD95E /* APIKey.swift */,
				F465B30D2AA7671900D1812E /* SaveImage+Extension.swift */,
			);
			path = Swift;
			sourceTree = "<group>";
		};
		F467DF9F2A77E439009D7266 = {
			isa = PBXGroup;
			children = (
				F467DFAA2A77E439009D7266 /* BookWarm */,
				F467DFA92A77E439009D7266 /* Products */,
			);
			sourceTree = "<group>";
		};
		F467DFA92A77E439009D7266 /* Products */ = {
			isa = PBXGroup;
			children = (
				F467DFA82A77E439009D7266 /* BookWarm.app */,
			);
			name = Products;
			sourceTree = "<group>";
		};
		F467DFAA2A77E439009D7266 /* BookWarm */ = {
			isa = PBXGroup;
			children = (
				F465B30C2AA766FB00D1812E /* Swift */,
				F465B30B2AA766E800D1812E /* VC */,
				F465B30A2AA766C000D1812E /* Cell */,
				F4DF21712AA61A93009D1250 /* Movie */,
				F467DFAB2A77E439009D7266 /* AppDelegate.swift */,
				F467DFAD2A77E439009D7266 /* SceneDelegate.swift */,
				F467DFB12A77E439009D7266 /* Main.storyboard */,
				F41A4B1F2A83AECC00CDD95E /* .gitignore */,
				F467DFB42A77E439009D7266 /* Assets.xcassets */,
				F467DFB62A77E439009D7266 /* LaunchScreen.storyboard */,
				F467DFB92A77E439009D7266 /* Info.plist */,
			);
			path = BookWarm;
			sourceTree = "<group>";
		};
		F4DF216E2AA61A3F009D1250 /* RealmModel */ = {
			isa = PBXGroup;
			children = (
				F4DF216F2AA61A4E009D1250 /* BookTable.swift */,
			);
			path = RealmModel;
			sourceTree = "<group>";
		};
		F4DF21712AA61A93009D1250 /* Movie */ = {
			isa = PBXGroup;
			children = (
				F467DFC72A77E759009D7266 /* MovieStruct.swift */,
				F467DFC52A77E688009D7266 /* MovieInfo.swift */,
			);
			path = Movie;
			sourceTree = "<group>";
		};
/* End PBXGroup section */

/* Begin PBXNativeTarget section */
		F467DFA72A77E439009D7266 /* BookWarm */ = {
			isa = PBXNativeTarget;
			buildConfigurationList = F467DFBC2A77E439009D7266 /* Build configuration list for PBXNativeTarget "BookWarm" */;
			buildPhases = (
				F467DFA42A77E439009D7266 /* Sources */,
				F467DFA52A77E439009D7266 /* Frameworks */,
				F467DFA62A77E439009D7266 /* Resources */,
			);
			buildRules = (
			);
			dependencies = (
			);
			name = BookWarm;
			packageProductDependencies = (
				F41A4B172A83AE3800CDD95E /* Alamofire */,
				F41A4B1A2A83AE4100CDD95E /* SwiftyJSON */,
				F41A4B1D2A83AE4B00CDD95E /* Kingfisher */,
				F4DF216A2AA61A2D009D1250 /* Realm */,
				F4DF216C2AA61A2D009D1250 /* RealmSwift */,
			);
			productName = BookWarm;
			productReference = F467DFA82A77E439009D7266 /* BookWarm.app */;
			productType = "com.apple.product-type.application";
		};
/* End PBXNativeTarget section */

/* Begin PBXProject section */
		F467DFA02A77E439009D7266 /* Project object */ = {
			isa = PBXProject;
			attributes = {
				BuildIndependentTargetsInParallel = 1;
				LastSwiftUpdateCheck = 1430;
				LastUpgradeCheck = 1430;
				TargetAttributes = {
					F467DFA72A77E439009D7266 = {
						CreatedOnToolsVersion = 14.3.1;
					};
				};
			};
			buildConfigurationList = F467DFA32A77E439009D7266 /* Build configuration list for PBXProject "BookWorm" */;
			compatibilityVersion = "Xcode 14.0";
			developmentRegion = en;
			hasScannedForEncodings = 0;
			knownRegions = (
				en,
				Base,
			);
			mainGroup = F467DF9F2A77E439009D7266;
			packageReferences = (
				F41A4B162A83AE3800CDD95E /* XCRemoteSwiftPackageReference "Alamofire" */,
				F41A4B192A83AE4100CDD95E /* XCRemoteSwiftPackageReference "SwiftyJSON" */,
				F41A4B1C2A83AE4B00CDD95E /* XCRemoteSwiftPackageReference "Kingfisher" */,
				F4DF21692AA61A2D009D1250 /* XCRemoteSwiftPackageReference "realm-swift" */,
			);
			productRefGroup = F467DFA92A77E439009D7266 /* Products */;
			projectDirPath = "";
			projectRoot = "";
			targets = (
				F467DFA72A77E439009D7266 /* BookWarm */,
			);
		};
/* End PBXProject section */

/* Begin PBXResourcesBuildPhase section */
		F467DFA62A77E439009D7266 /* Resources */ = {
			isa = PBXResourcesBuildPhase;
			buildActionMask = 2147483647;
			files = (
				F41A4B202A83AECC00CDD95E /* .gitignore in Resources */,
				F467DFB82A77E439009D7266 /* LaunchScreen.storyboard in Resources */,
				F467DFB52A77E439009D7266 /* Assets.xcassets in Resources */,
				F467DFD02A77E84D009D7266 /* LibraryListCollectionViewCell.xib in Resources */,
				F467DFB32A77E439009D7266 /* Main.storyboard in Resources */,
			);
			runOnlyForDeploymentPostprocessing = 0;
		};
/* End PBXResourcesBuildPhase section */

/* Begin PBXSourcesBuildPhase section */
		F467DFA42A77E439009D7266 /* Sources */ = {
			isa = PBXSourcesBuildPhase;
			buildActionMask = 2147483647;
			files = (
				F41A4B242A83B26E00CDD95E /* bookStruct.swift in Sources */,
				F467DFC62A77E688009D7266 /* MovieInfo.swift in Sources */,
				F4DF21702AA61A4E009D1250 /* BookTable.swift in Sources */,
				F467DFC82A77E759009D7266 /* MovieStruct.swift in Sources */,
				F423137A2A7AA86D0002F967 /* PopularTableViewCell.swift in Sources */,
				F467DFC02A77E4C3009D7266 /* LibraryCollectionViewController.swift in Sources */,
				F467DFB02A77E439009D7266 /* SearchViewController.swift in Sources */,
				F465B30E2AA7671900D1812E /* SaveImage+Extension.swift in Sources */,
				F42313742A7A87B20002F967 /* LookingViewController.swift in Sources */,
				F467DFC42A77E64F009D7266 /* DetailViewController.swift in Sources */,
				F467DFAC2A77E439009D7266 /* AppDelegate.swift in Sources */,
				F42313782A7A9DEF0002F967 /* RecentCollectionViewCell.swift in Sources */,
				F467DFCF2A77E84D009D7266 /* LibraryListCollectionViewCell.swift in Sources */,
				F41A4B222A83AF0700CDD95E /* APIKey.swift in Sources */,
				F467DFAE2A77E439009D7266 /* SceneDelegate.swift in Sources */,
			);
			runOnlyForDeploymentPostprocessing = 0;
		};
/* End PBXSourcesBuildPhase section */

/* Begin PBXVariantGroup section */
		F467DFB12A77E439009D7266 /* Main.storyboard */ = {
			isa = PBXVariantGroup;
			children = (
				F467DFB22A77E439009D7266 /* Base */,
			);
			name = Main.storyboard;
			sourceTree = "<group>";
		};
		F467DFB62A77E439009D7266 /* LaunchScreen.storyboard */ = {
			isa = PBXVariantGroup;
			children = (
				F467DFB72A77E439009D7266 /* Base */,
			);
			name = LaunchScreen.storyboard;
			sourceTree = "<group>";
		};
/* End PBXVariantGroup section */

/* Begin XCBuildConfiguration section */
		F467DFBA2A77E439009D7266 /* Debug */ = {
			isa = XCBuildConfiguration;
			buildSettings = {
				ALWAYS_SEARCH_USER_PATHS = NO;
				CLANG_ANALYZER_NONNULL = YES;
				CLANG_ANALYZER_NUMBER_OBJECT_CONVERSION = YES_AGGRESSIVE;
				CLANG_CXX_LANGUAGE_STANDARD = "gnu++20";
				CLANG_ENABLE_MODULES = YES;
				CLANG_ENABLE_OBJC_ARC = YES;
				CLANG_ENABLE_OBJC_WEAK = YES;
				CLANG_WARN_BLOCK_CAPTURE_AUTORELEASING = YES;
				CLANG_WARN_BOOL_CONVERSION = YES;
				CLANG_WARN_COMMA = YES;
				CLANG_WARN_CONSTANT_CONVERSION = YES;
				CLANG_WARN_DEPRECATED_OBJC_IMPLEMENTATIONS = YES;
				CLANG_WARN_DIRECT_OBJC_ISA_USAGE = YES_ERROR;
				CLANG_WARN_DOCUMENTATION_COMMENTS = YES;
				CLANG_WARN_EMPTY_BODY = YES;
				CLANG_WARN_ENUM_CONVERSION = YES;
				CLANG_WARN_INFINITE_RECURSION = YES;
				CLANG_WARN_INT_CONVERSION = YES;
				CLANG_WARN_NON_LITERAL_NULL_CONVERSION = YES;
				CLANG_WARN_OBJC_IMPLICIT_RETAIN_SELF = YES;
				CLANG_WARN_OBJC_LITERAL_CONVERSION = YES;
				CLANG_WARN_OBJC_ROOT_CLASS = YES_ERROR;
				CLANG_WARN_QUOTED_INCLUDE_IN_FRAMEWORK_HEADER = YES;
				CLANG_WARN_RANGE_LOOP_ANALYSIS = YES;
				CLANG_WARN_STRICT_PROTOTYPES = YES;
				CLANG_WARN_SUSPICIOUS_MOVE = YES;
				CLANG_WARN_UNGUARDED_AVAILABILITY = YES_AGGRESSIVE;
				CLANG_WARN_UNREACHABLE_CODE = YES;
				CLANG_WARN__DUPLICATE_METHOD_MATCH = YES;
				COPY_PHASE_STRIP = NO;
				DEBUG_INFORMATION_FORMAT = dwarf;
				ENABLE_STRICT_OBJC_MSGSEND = YES;
				ENABLE_TESTABILITY = YES;
				GCC_C_LANGUAGE_STANDARD = gnu11;
				GCC_DYNAMIC_NO_PIC = NO;
				GCC_NO_COMMON_BLOCKS = YES;
				GCC_OPTIMIZATION_LEVEL = 0;
				GCC_PREPROCESSOR_DEFINITIONS = (
					"DEBUG=1",
					"$(inherited)",
				);
				GCC_WARN_64_TO_32_BIT_CONVERSION = YES;
				GCC_WARN_ABOUT_RETURN_TYPE = YES_ERROR;
				GCC_WARN_UNDECLARED_SELECTOR = YES;
				GCC_WARN_UNINITIALIZED_AUTOS = YES_AGGRESSIVE;
				GCC_WARN_UNUSED_FUNCTION = YES;
				GCC_WARN_UNUSED_VARIABLE = YES;
				IPHONEOS_DEPLOYMENT_TARGET = 16.4;
				MTL_ENABLE_DEBUG_INFO = INCLUDE_SOURCE;
				MTL_FAST_MATH = YES;
				ONLY_ACTIVE_ARCH = YES;
				SDKROOT = iphoneos;
				SWIFT_ACTIVE_COMPILATION_CONDITIONS = DEBUG;
				SWIFT_OPTIMIZATION_LEVEL = "-Onone";
			};
			name = Debug;
		};
		F467DFBB2A77E439009D7266 /* Release */ = {
			isa = XCBuildConfiguration;
			buildSettings = {
				ALWAYS_SEARCH_USER_PATHS = NO;
				CLANG_ANALYZER_NONNULL = YES;
				CLANG_ANALYZER_NUMBER_OBJECT_CONVERSION = YES_AGGRESSIVE;
				CLANG_CXX_LANGUAGE_STANDARD = "gnu++20";
				CLANG_ENABLE_MODULES = YES;
				CLANG_ENABLE_OBJC_ARC = YES;
				CLANG_ENABLE_OBJC_WEAK = YES;
				CLANG_WARN_BLOCK_CAPTURE_AUTORELEASING = YES;
				CLANG_WARN_BOOL_CONVERSION = YES;
				CLANG_WARN_COMMA = YES;
				CLANG_WARN_CONSTANT_CONVERSION = YES;
				CLANG_WARN_DEPRECATED_OBJC_IMPLEMENTATIONS = YES;
				CLANG_WARN_DIRECT_OBJC_ISA_USAGE = YES_ERROR;
				CLANG_WARN_DOCUMENTATION_COMMENTS = YES;
				CLANG_WARN_EMPTY_BODY = YES;
				CLANG_WARN_ENUM_CONVERSION = YES;
				CLANG_WARN_INFINITE_RECURSION = YES;
				CLANG_WARN_INT_CONVERSION = YES;
				CLANG_WARN_NON_LITERAL_NULL_CONVERSION = YES;
				CLANG_WARN_OBJC_IMPLICIT_RETAIN_SELF = YES;
				CLANG_WARN_OBJC_LITERAL_CONVERSION = YES;
				CLANG_WARN_OBJC_ROOT_CLASS = YES_ERROR;
				CLANG_WARN_QUOTED_INCLUDE_IN_FRAMEWORK_HEADER = YES;
				CLANG_WARN_RANGE_LOOP_ANALYSIS = YES;
				CLANG_WARN_STRICT_PROTOTYPES = YES;
				CLANG_WARN_SUSPICIOUS_MOVE = YES;
				CLANG_WARN_UNGUARDED_AVAILABILITY = YES_AGGRESSIVE;
				CLANG_WARN_UNREACHABLE_CODE = YES;
				CLANG_WARN__DUPLICATE_METHOD_MATCH = YES;
				COPY_PHASE_STRIP = NO;
				DEBUG_INFORMATION_FORMAT = "dwarf-with-dsym";
				ENABLE_NS_ASSERTIONS = NO;
				ENABLE_STRICT_OBJC_MSGSEND = YES;
				GCC_C_LANGUAGE_STANDARD = gnu11;
				GCC_NO_COMMON_BLOCKS = YES;
				GCC_WARN_64_TO_32_BIT_CONVERSION = YES;
				GCC_WARN_ABOUT_RETURN_TYPE = YES_ERROR;
				GCC_WARN_UNDECLARED_SELECTOR = YES;
				GCC_WARN_UNINITIALIZED_AUTOS = YES_AGGRESSIVE;
				GCC_WARN_UNUSED_FUNCTION = YES;
				GCC_WARN_UNUSED_VARIABLE = YES;
				IPHONEOS_DEPLOYMENT_TARGET = 16.4;
				MTL_ENABLE_DEBUG_INFO = NO;
				MTL_FAST_MATH = YES;
				SDKROOT = iphoneos;
				SWIFT_COMPILATION_MODE = wholemodule;
				SWIFT_OPTIMIZATION_LEVEL = "-O";
				VALIDATE_PRODUCT = YES;
			};
			name = Release;
		};
		F467DFBD2A77E439009D7266 /* Debug */ = {
			isa = XCBuildConfiguration;
			buildSettings = {
				ASSETCATALOG_COMPILER_APPICON_NAME = AppIcon;
				ASSETCATALOG_COMPILER_GLOBAL_ACCENT_COLOR_NAME = AccentColor;
				CODE_SIGN_STYLE = Automatic;
				CURRENT_PROJECT_VERSION = 1;
				DEVELOPMENT_TEAM = N54L2GS5Z3;
				GENERATE_INFOPLIST_FILE = YES;
				INFOPLIST_FILE = BookWarm/Info.plist;
				INFOPLIST_KEY_UIApplicationSupportsIndirectInputEvents = YES;
				INFOPLIST_KEY_UILaunchStoryboardName = LaunchScreen;
				INFOPLIST_KEY_UIMainStoryboardFile = Main;
				INFOPLIST_KEY_UISupportedInterfaceOrientations_iPad = "UIInterfaceOrientationPortrait UIInterfaceOrientationPortraitUpsideDown UIInterfaceOrientationLandscapeLeft UIInterfaceOrientationLandscapeRight";
				INFOPLIST_KEY_UISupportedInterfaceOrientations_iPhone = "UIInterfaceOrientationPortrait UIInterfaceOrientationLandscapeLeft UIInterfaceOrientationLandscapeRight";
				IPHONEOS_DEPLOYMENT_TARGET = 16.0;
				LD_RUNPATH_SEARCH_PATHS = (
					"$(inherited)",
					"@executable_path/Frameworks",
				);
				MARKETING_VERSION = 1.0;
				PRODUCT_BUNDLE_IDENTIFIER = eunseo.BookWarm;
				PRODUCT_NAME = "$(TARGET_NAME)";
				SUPPORTED_PLATFORMS = "iphoneos iphonesimulator";
				SUPPORTS_MACCATALYST = NO;
				SUPPORTS_MAC_DESIGNED_FOR_IPHONE_IPAD = NO;
				SWIFT_EMIT_LOC_STRINGS = YES;
				SWIFT_VERSION = 5.0;
				TARGETED_DEVICE_FAMILY = 1;
			};
			name = Debug;
		};
		F467DFBE2A77E439009D7266 /* Release */ = {
			isa = XCBuildConfiguration;
			buildSettings = {
				ASSETCATALOG_COMPILER_APPICON_NAME = AppIcon;
				ASSETCATALOG_COMPILER_GLOBAL_ACCENT_COLOR_NAME = AccentColor;
				CODE_SIGN_STYLE = Automatic;
				CURRENT_PROJECT_VERSION = 1;
				DEVELOPMENT_TEAM = N54L2GS5Z3;
				GENERATE_INFOPLIST_FILE = YES;
				INFOPLIST_FILE = BookWarm/Info.plist;
				INFOPLIST_KEY_UIApplicationSupportsIndirectInputEvents = YES;
				INFOPLIST_KEY_UILaunchStoryboardName = LaunchScreen;
				INFOPLIST_KEY_UIMainStoryboardFile = Main;
				INFOPLIST_KEY_UISupportedInterfaceOrientations_iPad = "UIInterfaceOrientationPortrait UIInterfaceOrientationPortraitUpsideDown UIInterfaceOrientationLandscapeLeft UIInterfaceOrientationLandscapeRight";
				INFOPLIST_KEY_UISupportedInterfaceOrientations_iPhone = "UIInterfaceOrientationPortrait UIInterfaceOrientationLandscapeLeft UIInterfaceOrientationLandscapeRight";
				IPHONEOS_DEPLOYMENT_TARGET = 16.0;
				LD_RUNPATH_SEARCH_PATHS = (
					"$(inherited)",
					"@executable_path/Frameworks",
				);
				MARKETING_VERSION = 1.0;
				PRODUCT_BUNDLE_IDENTIFIER = eunseo.BookWarm;
				PRODUCT_NAME = "$(TARGET_NAME)";
				SUPPORTED_PLATFORMS = "iphoneos iphonesimulator";
				SUPPORTS_MACCATALYST = NO;
				SUPPORTS_MAC_DESIGNED_FOR_IPHONE_IPAD = NO;
				SWIFT_EMIT_LOC_STRINGS = YES;
				SWIFT_VERSION = 5.0;
				TARGETED_DEVICE_FAMILY = 1;
			};
			name = Release;
		};
/* End XCBuildConfiguration section */

/* Begin XCConfigurationList section */
		F467DFA32A77E439009D7266 /* Build configuration list for PBXProject "BookWorm" */ = {
			isa = XCConfigurationList;
			buildConfigurations = (
				F467DFBA2A77E439009D7266 /* Debug */,
				F467DFBB2A77E439009D7266 /* Release */,
			);
			defaultConfigurationIsVisible = 0;
			defaultConfigurationName = Release;
		};
		F467DFBC2A77E439009D7266 /* Build configuration list for PBXNativeTarget "BookWarm" */ = {
			isa = XCConfigurationList;
			buildConfigurations = (
				F467DFBD2A77E439009D7266 /* Debug */,
				F467DFBE2A77E439009D7266 /* Release */,
			);
			defaultConfigurationIsVisible = 0;
			defaultConfigurationName = Release;
		};
/* End XCConfigurationList section */

/* Begin XCRemoteSwiftPackageReference section */
		F41A4B162A83AE3800CDD95E /* XCRemoteSwiftPackageReference "Alamofire" */ = {
			isa = XCRemoteSwiftPackageReference;
			repositoryURL = "https://github.com/Alamofire/Alamofire.git";
			requirement = {
				kind = upToNextMajorVersion;
				minimumVersion = 5.0.0;
			};
		};
		F41A4B192A83AE4100CDD95E /* XCRemoteSwiftPackageReference "SwiftyJSON" */ = {
			isa = XCRemoteSwiftPackageReference;
			repositoryURL = "https://github.com/SwiftyJSON/SwiftyJSON.git";
			requirement = {
				kind = upToNextMajorVersion;
				minimumVersion = 5.0.0;
			};
		};
		F41A4B1C2A83AE4B00CDD95E /* XCRemoteSwiftPackageReference "Kingfisher" */ = {
			isa = XCRemoteSwiftPackageReference;
			repositoryURL = "https://github.com/onevcat/Kingfisher.git";
			requirement = {
				kind = upToNextMajorVersion;
				minimumVersion = 7.0.0;
			};
		};
		F4DF21692AA61A2D009D1250 /* XCRemoteSwiftPackageReference "realm-swift" */ = {
			isa = XCRemoteSwiftPackageReference;
			repositoryURL = "https://github.com/realm/realm-swift.git";
			requirement = {
				kind = upToNextMajorVersion;
				minimumVersion = 10.40.0;
			};
		};
/* End XCRemoteSwiftPackageReference section */

/* Begin XCSwiftPackageProductDependency section */
		F41A4B172A83AE3800CDD95E /* Alamofire */ = {
			isa = XCSwiftPackageProductDependency;
			package = F41A4B162A83AE3800CDD95E /* XCRemoteSwiftPackageReference "Alamofire" */;
			productName = Alamofire;
		};
		F41A4B1A2A83AE4100CDD95E /* SwiftyJSON */ = {
			isa = XCSwiftPackageProductDependency;
			package = F41A4B192A83AE4100CDD95E /* XCRemoteSwiftPackageReference "SwiftyJSON" */;
			productName = SwiftyJSON;
		};
		F41A4B1D2A83AE4B00CDD95E /* Kingfisher */ = {
			isa = XCSwiftPackageProductDependency;
			package = F41A4B1C2A83AE4B00CDD95E /* XCRemoteSwiftPackageReference "Kingfisher" */;
			productName = Kingfisher;
		};
		F4DF216A2AA61A2D009D1250 /* Realm */ = {
			isa = XCSwiftPackageProductDependency;
			package = F4DF21692AA61A2D009D1250 /* XCRemoteSwiftPackageReference "realm-swift" */;
			productName = Realm;
		};
		F4DF216C2AA61A2D009D1250 /* RealmSwift */ = {
			isa = XCSwiftPackageProductDependency;
			package = F4DF21692AA61A2D009D1250 /* XCRemoteSwiftPackageReference "realm-swift" */;
			productName = RealmSwift;
		};
/* End XCSwiftPackageProductDependency section */
	};
	rootObject = F467DFA02A77E439009D7266 /* Project object */;
}
